
Microsoft Visual Studio Solution File, Format Version 12.00
# Visual Studio Version 16
VisualStudioVersion = 16.0.29926.136
MinimumVisualStudioVersion = 10.0.40219.1
Project("{FAE04EC0-301F-11D3-BF4B-00C04F79EFBC}") = "JSON", "JSON\JSON.csproj", "{9153E7DE-7AC0-4053-A896-10694F165E21}"
EndProject
Global
	GlobalSection(SolutionConfigurationPlatforms) = preSolution
		Debug|Any CPU = Debug|Any CPU
		Release|Any CPU = Release|Any CPU
	EndGlobalSection
	GlobalSection(ProjectConfigurationPlatforms) = postSolution
		{9153E7DE-7AC0-4053-A896-10694F165E21}.Debug|Any CPU.ActiveCfg = Debug|Any CPU
		{9153E7DE-7AC0-4053-A896-10694F165E21}.Debug|Any CPU.Build.0 = Debug|Any CPU
		{9153E7DE-7AC0-4053-A896-10694F165E21}.Release|Any CPU.ActiveCfg = Release|Any CPU
		{9153E7DE-7AC0-4053-A896-10694F165E21}.Release|Any CPU.Build.0 = Release|Any CPU
	EndGlobalSection
	GlobalSection(SolutionProperties) = preSolution
		HideSolutionNode = FALSE
	EndGlobalSection
	GlobalSection(ExtensibilityGlobals) = postSolution
		SolutionGuid = {A3438E8A-381F-4995-9CB7-50FB3575BF21}
	EndGlobalSection
EndGlobal
